
Microsoft Visual Studio Solution File, Format Version 12.00
# Visual Studio 15
Project("{FAE04EC0-301F-11D3-BF4B-00C04F79EFBC}") = "Assembly-CSharp", "Assembly-CSharp.csproj", "{FB2B1803-AEAB-496F-75A1-CAC96925B0BB}"
EndProject
Global
	GlobalSection(SolutionConfigurationPlatforms) = preSolution
		Debug|Any CPU = Debug|Any CPU
		Release|Any CPU = Release|Any CPU
	EndGlobalSection
	GlobalSection(ProjectConfigurationPlatforms) = postSolution
		{FB2B1803-AEAB-496F-75A1-CAC96925B0BB}.Debug|Any CPU.ActiveCfg = Debug|Any CPU
		{FB2B1803-AEAB-496F-75A1-CAC96925B0BB}.Debug|Any CPU.Build.0 = Debug|Any CPU
		{FB2B1803-AEAB-496F-75A1-CAC96925B0BB}.Release|Any CPU.ActiveCfg = Release|Any CPU
		{FB2B1803-AEAB-496F-75A1-CAC96925B0BB}.Release|Any CPU.Build.0 = Release|Any CPU
	EndGlobalSection
	GlobalSection(SolutionProperties) = preSolution
		HideSolutionNode = FALSE
	EndGlobalSection
EndGlobal
